{
  "name": "kanasaka-site",
  "lockfileVersion": 3,
  "requires": true,
  "packages": {
    "": {
      "name": "kanasaka-site",
      "dependencies": {
        "argon2-wasm-edge": "^1.0.23"
      }
    },
    "node_modules/argon2-wasm-edge": {
      "version": "1.0.23",
      "resolved": "https://registry.npmjs.org/argon2-wasm-edge/-/argon2-wasm-edge-1.0.23.tgz",
      "integrity": "sha512-9OGfPkqC9Oe1sP50HNTemwbk/x+CJF7ci74jKsFXPIt7F0aJmSySx5JCOZ4+Zj4VmXIDaXr8y1p5FKFR633YVA==",
      "license": "MIT"
    }
  }
}
